PODS:
  - Alamofire (4.8.1)
  - PromiseKit (6.8.3):
    - PromiseKit/CorePromise (= 6.8.3)
    - PromiseKit/Foundation (= 6.8.3)
    - PromiseKit/UIKit (= 6.8.3)
  - PromiseKit/CorePromise (6.8.3)
  - PromiseKit/Foundation (6.8.3):
    - PromiseKit/CorePromise
  - PromiseKit/UIKit (6.8.3):
    - PromiseKit/CorePromise

DEPENDENCIES:
  - Alamofire
  - PromiseKit

SPEC REPOS:
  https://github.com/cocoapods/specs.git:
    - Alamofire
    - PromiseKit

SPEC CHECKSUMS:
  Alamofire: 16ce2c353fb72865124ddae8a57c5942388f4f11
  PromiseKit: 94c6e781838c5bf4717677d0d882b0e7250c80fc

PODFILE CHECKSUM: 5de5f3d96205d369cdbdc73bb5050e4bcd183241

COCOAPODS: 1.6.0.beta.2
